
Microsoft Visual Studio Solution File, Format Version 12.00
# Visual Studio 15
VisualStudioVersion = 15.0.27428.2027
MinimumVisualStudioVersion = 10.0.40219.1
Project("{FAE04EC0-301F-11D3-BF4B-00C04F79EFBC}") = "API", "API\API.csproj", "{B343B9F1-4904-44A1-8C76-A6060BBDAE26}"
EndProject
Project("{FAE04EC0-301F-11D3-BF4B-00C04F79EFBC}") = "Site", "Site\Site.csproj", "{0983C5AC-27DA-471D-BB3E-C2FE030FCB46}"
EndProject
Global
	GlobalSection(SolutionConfigurationPlatforms) = preSolution
		Debug|Any CPU = Debug|Any CPU
		Release|Any CPU = Release|Any CPU
	EndGlobalSection
	GlobalSection(ProjectConfigurationPlatforms) = postSolution
		{B343B9F1-4904-44A1-8C76-A6060BBDAE26}.Debug|Any CPU.ActiveCfg = Debug|Any CPU
		{B343B9F1-4904-44A1-8C76-A6060BBDAE26}.Debug|Any CPU.Build.0 = Debug|Any CPU
		{B343B9F1-4904-44A1-8C76-A6060BBDAE26}.Release|Any CPU.ActiveCfg = Release|Any CPU
		{B343B9F1-4904-44A1-8C76-A6060BBDAE26}.Release|Any CPU.Build.0 = Release|Any CPU
		{0983C5AC-27DA-471D-BB3E-C2FE030FCB46}.Debug|Any CPU.ActiveCfg = Debug|Any CPU
		{0983C5AC-27DA-471D-BB3E-C2FE030FCB46}.Debug|Any CPU.Build.0 = Debug|Any CPU
		{0983C5AC-27DA-471D-BB3E-C2FE030FCB46}.Release|Any CPU.ActiveCfg = Release|Any CPU
		{0983C5AC-27DA-471D-BB3E-C2FE030FCB46}.Release|Any CPU.Build.0 = Release|Any CPU
	EndGlobalSection
	GlobalSection(SolutionProperties) = preSolution
		HideSolutionNode = FALSE
	EndGlobalSection
	GlobalSection(ExtensibilityGlobals) = postSolution
		SolutionGuid = {31A295CD-9818-4854-8DD9-63198A98A087}
	EndGlobalSection
EndGlobal
